
Microsoft Visual Studio Solution File, Format Version 12.00
# Visual Studio Version 17
VisualStudioVersion = 17.9.34902.65
MinimumVisualStudioVersion = 10.0.40219.1
Project("{2150E333-8FDC-42A3-9474-1A3956D46DE8}") = "Solution Items", "Solution Items", "{EBEC1050-353F-4BEA-9675-F40667FD721A}"
	ProjectSection(SolutionItems) = preProject
		.gitignore = .gitignore
		CHANGELOG.md = CHANGELOG.md
		LICENSE.txt = LICENSE.txt
		README.md = README.md
	EndProjectSection
EndProject
Project("{2150E333-8FDC-42A3-9474-1A3956D46DE8}") = "submodules", "submodules", "{BE399D72-C406-4FDB-A18C-FFEBFB2324C2}"
EndProject
Project("{9A19103F-16F7-4668-BE54-9A1E7A4F7556}") = "LibreFios", "LibreFios\LibreFios\LibreFios.csproj", "{212A91E5-C98D-41B8-9E69-B038B6DEAEB0}"
EndProject
Project("{FAE04EC0-301F-11D3-BF4B-00C04F79EFBC}") = "ReLunacy", "ReLunacy\ReLunacy.csproj", "{5CEEB1F7-857E-4F79-9F2B-3AB3DBD703CF}"
EndProject
Project("{9A19103F-16F7-4668-BE54-9A1E7A4F7556}") = "ReLunacy.Engine", "ReLunacy.Engine\ReLunacy.Engine.csproj", "{F92F73EF-4EDA-46A5-AA80-F106E0D05D30}"
EndProject
Global
	GlobalSection(SolutionConfigurationPlatforms) = preSolution
		Debug|Any CPU = Debug|Any CPU
		Release|Any CPU = Release|Any CPU
	EndGlobalSection
	GlobalSection(ProjectConfigurationPlatforms) = postSolution
		{212A91E5-C98D-41B8-9E69-B038B6DEAEB0}.Debug|Any CPU.ActiveCfg = Debug|Any CPU
		{212A91E5-C98D-41B8-9E69-B038B6DEAEB0}.Debug|Any CPU.Build.0 = Debug|Any CPU
		{212A91E5-C98D-41B8-9E69-B038B6DEAEB0}.Release|Any CPU.ActiveCfg = Release|Any CPU
		{212A91E5-C98D-41B8-9E69-B038B6DEAEB0}.Release|Any CPU.Build.0 = Release|Any CPU
		{5CEEB1F7-857E-4F79-9F2B-3AB3DBD703CF}.Debug|Any CPU.ActiveCfg = Debug|Any CPU
		{5CEEB1F7-857E-4F79-9F2B-3AB3DBD703CF}.Debug|Any CPU.Build.0 = Debug|Any CPU
		{5CEEB1F7-857E-4F79-9F2B-3AB3DBD703CF}.Release|Any CPU.ActiveCfg = Release|Any CPU
		{5CEEB1F7-857E-4F79-9F2B-3AB3DBD703CF}.Release|Any CPU.Build.0 = Release|Any CPU
		{F92F73EF-4EDA-46A5-AA80-F106E0D05D30}.Debug|Any CPU.ActiveCfg = Debug|Any CPU
		{F92F73EF-4EDA-46A5-AA80-F106E0D05D30}.Debug|Any CPU.Build.0 = Debug|Any CPU
		{F92F73EF-4EDA-46A5-AA80-F106E0D05D30}.Release|Any CPU.ActiveCfg = Release|Any CPU
		{F92F73EF-4EDA-46A5-AA80-F106E0D05D30}.Release|Any CPU.Build.0 = Release|Any CPU
	EndGlobalSection
	GlobalSection(SolutionProperties) = preSolution
		HideSolutionNode = FALSE
	EndGlobalSection
	GlobalSection(NestedProjects) = preSolution
		{212A91E5-C98D-41B8-9E69-B038B6DEAEB0} = {BE399D72-C406-4FDB-A18C-FFEBFB2324C2}
	EndGlobalSection
	GlobalSection(ExtensibilityGlobals) = postSolution
		SolutionGuid = {D10CA9A4-EE78-4AE5-9CA9-67332CD51205}
	EndGlobalSection
EndGlobal
